// !$*UTF8*$!
{
	archiveVersion = 1;
	classes = {
	};
	objectVersion = 46;
	objects = {

/* Begin PBXBuildFile section */
		A08DDA5D1B2810DE00F5D576 /* main.m in Sources */ = {isa = PBXBuildFile; fileRef = A08DDA5C1B2810DE00F5D576 /* main.m */; };
		A08DDA601B2810DE00F5D576 /* AppDelegate.m in Sources */ = {isa = PBXBuildFile; fileRef = A08DDA5F1B2810DE00F5D576 /* AppDelegate.m */; };
		A08DDA631B2810DE00F5D576 /* ViewController.m in Sources */ = {isa = PBXBuildFile; fileRef = A08DDA621B2810DE00F5D576 /* ViewController.m */; };
		A08DDA661B2810DE00F5D576 /* Main.storyboard in Resources */ = {isa = PBXBuildFile; fileRef = A08DDA641B2810DE00F5D576 /* Main.storyboard */; };
		A08DDA681B2810DE00F5D576 /* Images.xcassets in Resources */ = {isa = PBXBuildFile; fileRef = A08DDA671B2810DE00F5D576 /* Images.xcassets */; };
		A08DDA6B1B2810DE00F5D576 /* LaunchScreen.xib in Resources */ = {isa = PBXBuildFile; fileRef = A08DDA691B2810DE00F5D576 /* LaunchScreen.xib */; };
		A08DDA771B2810DE00F5D576 /* _2____Tests.m in Sources */ = {isa = PBXBuildFile; fileRef = A08DDA761B2810DE00F5D576 /* _2____Tests.m */; };
/* End PBXBuildFile section */

/* Begin PBXContainerItemProxy section */
		A08DDA711B2810DE00F5D576 /* PBXContainerItemProxy */ = {
			isa = PBXContainerItemProxy;
			containerPortal = A08DDA4F1B2810DE00F5D576 /* Project object */;
			proxyType = 1;
			remoteGlobalIDString = A08DDA561B2810DE00F5D576;
			remoteInfo = "02-下载器";
		};
/* End PBXContainerItemProxy section */

/* Begin PBXFileReference section */
		A08DDA571B2810DE00F5D576 /* 02-下载器.app */ = {isa = PBXFileReference; explicitFileType = wrapper.application; includeInIndex = 0; path = "02-下载器.app"; sourceTree = BUILT_PRODUCTS_DIR; };
		A08DDA5B1B2810DE00F5D576 /* Info.plist */ = {isa = PBXFileReference; lastKnownFileType = text.plist.xml; path = Info.plist; sourceTree = "<group>"; };
		A08DDA5C1B2810DE00F5D576 /* main.m */ = {isa = PBXFileReference; lastKnownFileType = sourcecode.c.objc; path = main.m; sourceTree = "<group>"; };
		A08DDA5E1B2810DE00F5D576 /* AppDelegate.h */ = {isa = PBXFileReference; lastKnownFileType = sourcecode.c.h; path = AppDelegate.h; sourceTree = "<group>"; };
		A08DDA5F1B2810DE00F5D576 /* AppDelegate.m */ = {isa = PBXFileReference; lastKnownFileType = sourcecode.c.objc; path = AppDelegate.m; sourceTree = "<group>"; };
		A08DDA611B2810DE00F5D576 /* ViewController.h */ = {isa = PBXFileReference; lastKnownFileType = sourcecode.c.h; path = ViewController.h; sourceTree = "<group>"; };
		A08DDA621B2810DE00F5D576 /* ViewController.m */ = {isa = PBXFileReference; lastKnownFileType = sourcecode.c.objc; path = ViewController.m; sourceTree = "<group>"; };
		A08DDA651B2810DE00F5D576 /* Base */ = {isa = PBXFileReference; lastKnownFileType = file.storyboard; name = Base; path = Base.lproj/Main.storyboard; sourceTree = "<group>"; };
		A08DDA671B2810DE00F5D576 /* Images.xcassets */ = {isa = PBXFileReference; lastKnownFileType = folder.assetcatalog; path = Images.xcassets; sourceTree = "<group>"; };
		A08DDA6A1B2810DE00F5D576 /* Base */ = {isa = PBXFileReference; lastKnownFileType = file.xib; name = Base; path = Base.lproj/LaunchScreen.xib; sourceTree = "<group>"; };
		A08DDA701B2810DE00F5D576 /* 02-下载器Tests.xctest */ = {isa = PBXFileReference; explicitFileType = wrapper.cfbundle; includeInIndex = 0; path = "02-下载器Tests.xctest"; sourceTree = BUILT_PRODUCTS_DIR; };
		A08DDA751B2810DE00F5D576 /* Info.plist */ = {isa = PBXFileReference; lastKnownFileType = text.plist.xml; path = Info.plist; sourceTree = "<group>"; };
		A08DDA761B2810DE00F5D576 /* _2____Tests.m */ = {isa = PBXFileReference; lastKnownFileType = sourcecode.c.objc; path = "_2____Tests.m"; sourceTree = "<group>"; };
/* End PBXFileReference section */

/* Begin PBXFrameworksBuildPhase section */
		A08DDA541B2810DE00F5D576 /* Frameworks */ = {
			isa = PBXFrameworksBuildPhase;
			buildActionMask = 2147483647;
			files = (
			);
			runOnlyForDeploymentPostprocessing = 0;
		};
		A08DDA6D1B2810DE00F5D576 /* Frameworks */ = {
			isa = PBXFrameworksBuildPhase;
			buildActionMask = 2147483647;
			files = (
			);
			runOnlyForDeploymentPostprocessing = 0;
		};
/* End PBXFrameworksBuildPhase section */

/* Begin PBXGroup section */
		A08DDA4E1B2810DE00F5D576 = {
			isa = PBXGroup;
			children = (
				A08DDA591B2810DE00F5D576 /* 02-下载器 */,
				A08DDA731B2810DE00F5D576 /* 02-下载器Tests */,
				A08DDA581B2810DE00F5D576 /* Products */,
			);
			sourceTree = "<group>";
		};
		A08DDA581B2810DE00F5D576 /* Products */ = {
			isa = PBXGroup;
			children = (
				A08DDA571B2810DE00F5D576 /* 02-下载器.app */,
				A08DDA701B2810DE00F5D576 /* 02-下载器Tests.xctest */,
			);
			name = Products;
			sourceTree = "<group>";
		};
		A08DDA591B2810DE00F5D576 /* 02-下载器 */ = {
			isa = PBXGroup;
			children = (
				A08DDA5E1B2810DE00F5D576 /* AppDelegate.h */,
				A08DDA5F1B2810DE00F5D576 /* AppDelegate.m */,
				A08DDA611B2810DE00F5D576 /* ViewController.h */,
				A08DDA621B2810DE00F5D576 /* ViewController.m */,
				A08DDA641B2810DE00F5D576 /* Main.storyboard */,
				A08DDA671B2810DE00F5D576 /* Images.xcassets */,
				A08DDA691B2810DE00F5D576 /* LaunchScreen.xib */,
				A08DDA5A1B2810DE00F5D576 /* Supporting Files */,
			);
			path = "02-下载器";
			sourceTree = "<group>";
		};
		A08DDA5A1B2810DE00F5D576 /* Supporting Files */ = {
			isa = PBXGroup;
			children = (
				A08DDA5B1B2810DE00F5D576 /* Info.plist */,
				A08DDA5C1B2810DE00F5D576 /* main.m */,
			);
			name = "Supporting Files";
			sourceTree = "<group>";
		};
		A08DDA731B2810DE00F5D576 /* 02-下载器Tests */ = {
			isa = PBXGroup;
			children = (
				A08DDA761B2810DE00F5D576 /* _2____Tests.m */,
				A08DDA741B2810DE00F5D576 /* Supporting Files */,
			);
			path = "02-下载器Tests";
			sourceTree = "<group>";
		};
		A08DDA741B2810DE00F5D576 /* Supporting Files */ = {
			isa = PBXGroup;
			children = (
				A08DDA751B2810DE00F5D576 /* Info.plist */,
			);
			name = "Supporting Files";
			sourceTree = "<group>";
		};
/* End PBXGroup section */

/* Begin PBXNativeTarget section */
		A08DDA561B2810DE00F5D576 /* 02-下载器 */ = {
			isa = PBXNativeTarget;
			buildConfigurationList = A08DDA7A1B2810DE00F5D576 /* Build configuration list for PBXNativeTarget "02-下载器" */;
			buildPhases = (
				A08DDA531B2810DE00F5D576 /* Sources */,
				A08DDA541B2810DE00F5D576 /* Frameworks */,
				A08DDA551B2810DE00F5D576 /* Resources */,
			);
			buildRules = (
			);
			dependencies = (
			);
			name = "02-下载器";
			productName = "02-下载器";
			productReference = A08DDA571B2810DE00F5D576 /* 02-下载器.app */;
			productType = "com.apple.product-type.application";
		};
		A08DDA6F1B2810DE00F5D576 /* 02-下载器Tests */ = {
			isa = PBXNativeTarget;
			buildConfigurationList = A08DDA7D1B2810DE00F5D576 /* Build configuration list for PBXNativeTarget "02-下载器Tests" */;
			buildPhases = (
				A08DDA6C1B2810DE00F5D576 /* Sources */,
				A08DDA6D1B2810DE00F5D576 /* Frameworks */,
				A08DDA6E1B2810DE00F5D576 /* Resources */,
			);
			buildRules = (
			);
			dependencies = (
				A08DDA721B2810DE00F5D576 /* PBXTargetDependency */,
			);
			name = "02-下载器Tests";
			productName = "02-下载器Tests";
			productReference = A08DDA701B2810DE00F5D576 /* 02-下载器Tests.xctest */;
			productType = "com.apple.product-type.bundle.unit-test";
		};
/* End PBXNativeTarget section */

/* Begin PBXProject section */
		A08DDA4F1B2810DE00F5D576 /* Project object */ = {
			isa = PBXProject;
			attributes = {
				LastUpgradeCheck = 0630;
				ORGANIZATIONNAME = zhm;
				TargetAttributes = {
					A08DDA561B2810DE00F5D576 = {
						CreatedOnToolsVersion = 6.3.2;
					};
					A08DDA6F1B2810DE00F5D576 = {
						CreatedOnToolsVersion = 6.3.2;
						TestTargetID = A08DDA561B2810DE00F5D576;
					};
				};
			};
			buildConfigurationList = A08DDA521B2810DE00F5D576 /* Build configuration list for PBXProject "02-下载器" */;
			compatibilityVersion = "Xcode 3.2";
			developmentRegion = English;
			hasScannedForEncodings = 0;
			knownRegions = (
				en,
				Base,
			);
			mainGroup = A08DDA4E1B2810DE00F5D576;
			productRefGroup = A08DDA581B2810DE00F5D576 /* Products */;
			projectDirPath = "";
			projectRoot = "";
			targets = (
				A08DDA561B2810DE00F5D576 /* 02-下载器 */,
				A08DDA6F1B2810DE00F5D576 /* 02-下载器Tests */,
			);
		};
/* End PBXProject section */

/* Begin PBXResourcesBuildPhase section */
		A08DDA551B2810DE00F5D576 /* Resources */ = {
			isa = PBXResourcesBuildPhase;
			buildActionMask = 2147483647;
			files = (
				A08DDA661B2810DE00F5D576 /* Main.storyboard in Resources */,
				A08DDA6B1B2810DE00F5D576 /* LaunchScreen.xib in Resources */,
				A08DDA681B2810DE00F5D576 /* Images.xcassets in Resources */,
			);
			runOnlyForDeploymentPostprocessing = 0;
		};
		A08DDA6E1B2810DE00F5D576 /* Resources */ = {
			isa = PBXResourcesBuildPhase;
			buildActionMask = 2147483647;
			files = (
			);
			runOnlyForDeploymentPostprocessing = 0;
		};
/* End PBXResourcesBuildPhase section */

/* Begin PBXSourcesBuildPhase section */
		A08DDA531B2810DE00F5D576 /* Sources */ = {
			isa = PBXSourcesBuildPhase;
			buildActionMask = 2147483647;
			files = (
				A08DDA631B2810DE00F5D576 /* ViewController.m in Sources */,
				A08DDA601B2810DE00F5D576 /* AppDelegate.m in Sources */,
				A08DDA5D1B2810DE00F5D576 /* main.m in Sources */,
			);
			runOnlyForDeploymentPostprocessing = 0;
		};
		A08DDA6C1B2810DE00F5D576 /* Sources */ = {
			isa = PBXSourcesBuildPhase;
			buildActionMask = 2147483647;
			files = (
				A08DDA771B2810DE00F5D576 /* _2____Tests.m in Sources */,
			);
			runOnlyForDeploymentPostprocessing = 0;
		};
/* End PBXSourcesBuildPhase section */

/* Begin PBXTargetDependency section */
		A08DDA721B2810DE00F5D576 /* PBXTargetDependency */ = {
			isa = PBXTargetDependency;
			target = A08DDA561B2810DE00F5D576 /* 02-下载器 */;
			targetProxy = A08DDA711B2810DE00F5D576 /* PBXContainerItemProxy */;
		};
/* End PBXTargetDependency section */

/* Begin PBXVariantGroup section */
		A08DDA641B2810DE00F5D576 /* Main.storyboard */ = {
			isa = PBXVariantGroup;
			children = (
				A08DDA651B2810DE00F5D576 /* Base */,
			);
			name = Main.storyboard;
			sourceTree = "<group>";
		};
		A08DDA691B2810DE00F5D576 /* LaunchScreen.xib */ = {
			isa = PBXVariantGroup;
			children = (
				A08DDA6A1B2810DE00F5D576 /* Base */,
			);
			name = LaunchScreen.xib;
			sourceTree = "<group>";
		};
/* End PBXVariantGroup section */

/* Begin XCBuildConfiguration section */
		A08DDA781B2810DE00F5D576 /* Debug */ = {
			isa = XCBuildConfiguration;
			buildSettings = {
				ALWAYS_SEARCH_USER_PATHS = NO;
				CLANG_CXX_LANGUAGE_STANDARD = "gnu++0x";
				CLANG_CXX_LIBRARY = "libc++";
				CLANG_ENABLE_MODULES = YES;
				CLANG_ENABLE_OBJC_ARC = YES;
				CLANG_WARN_BOOL_CONVERSION = YES;
				CLANG_WARN_CONSTANT_CONVERSION = YES;
				CLANG_WARN_DIRECT_OBJC_ISA_USAGE = YES_ERROR;
				CLANG_WARN_EMPTY_BODY = YES;
				CLANG_WARN_ENUM_CONVERSION = YES;
				CLANG_WARN_INT_CONVERSION = YES;
				CLANG_WARN_OBJC_ROOT_CLASS = YES_ERROR;
				CLANG_WARN_UNREACHABLE_CODE = YES;
				CLANG_WARN__DUPLICATE_METHOD_MATCH = YES;
				"CODE_SIGN_IDENTITY[sdk=iphoneos*]" = "iPhone Developer";
				COPY_PHASE_STRIP = NO;
				DEBUG_INFORMATION_FORMAT = "dwarf-with-dsym";
				ENABLE_STRICT_OBJC_MSGSEND = YES;
				GCC_C_LANGUAGE_STANDARD = gnu99;
				GCC_DYNAMIC_NO_PIC = NO;
				GCC_NO_COMMON_BLOCKS = YES;
				GCC_OPTIMIZATION_LEVEL = 0;
				GCC_PREPROCESSOR_DEFINITIONS = (
					"DEBUG=1",
					"$(inherited)",
				);
				GCC_SYMBOLS_PRIVATE_EXTERN = NO;
				GCC_WARN_64_TO_32_BIT_CONVERSION = YES;
				GCC_WARN_ABOUT_RETURN_TYPE = YES_ERROR;
				GCC_WARN_UNDECLARED_SELECTOR = YES;
				GCC_WARN_UNINITIALIZED_AUTOS = YES_AGGRESSIVE;
				GCC_WARN_UNUSED_FUNCTION = YES;
				GCC_WARN_UNUSED_VARIABLE = YES;
				IPHONEOS_DEPLOYMENT_TARGET = 8.3;
				MTL_ENABLE_DEBUG_INFO = YES;
				ONLY_ACTIVE_ARCH = YES;
				SDKROOT = iphoneos;
			};
			name = Debug;
		};
		A08DDA791B2810DE00F5D576 /* Release */ = {
			isa = XCBuildConfiguration;
			buildSettings = {
				ALWAYS_SEARCH_USER_PATHS = NO;
				CLANG_CXX_LANGUAGE_STANDARD = "gnu++0x";
				CLANG_CXX_LIBRARY = "libc++";
				CLANG_ENABLE_MODULES = YES;
				CLANG_ENABLE_OBJC_ARC = YES;
				CLANG_WARN_BOOL_CONVERSION = YES;
				CLANG_WARN_CONSTANT_CONVERSION = YES;
				CLANG_WARN_DIRECT_OBJC_ISA_USAGE = YES_ERROR;
				CLANG_WARN_EMPTY_BODY = YES;
				CLANG_WARN_ENUM_CONVERSION = YES;
				CLANG_WARN_INT_CONVERSION = YES;
				CLANG_WARN_OBJC_ROOT_CLASS = YES_ERROR;
				CLANG_WARN_UNREACHABLE_CODE = YES;
				CLANG_WARN__DUPLICATE_METHOD_MATCH = YES;
				"CODE_SIGN_IDENTITY[sdk=iphoneos*]" = "iPhone Developer";
				COPY_PHASE_STRIP = NO;
				DEBUG_INFORMATION_FORMAT = "dwarf-with-dsym";
				ENABLE_NS_ASSERTIONS = NO;
				ENABLE_STRICT_OBJC_MSGSEND = YES;
				GCC_C_LANGUAGE_STANDARD = gnu99;
				GCC_NO_COMMON_BLOCKS = YES;
				GCC_WARN_64_TO_32_BIT_CONVERSION = YES;
				GCC_WARN_ABOUT_RETURN_TYPE = YES_ERROR;
				GCC_WARN_UNDECLARED_SELECTOR = YES;
				GCC_WARN_UNINITIALIZED_AUTOS = YES_AGGRESSIVE;
				GCC_WARN_UNUSED_FUNCTION = YES;
				GCC_WARN_UNUSED_VARIABLE = YES;
				IPHONEOS_DEPLOYMENT_TARGET = 8.3;
				MTL_ENABLE_DEBUG_INFO = NO;
				SDKROOT = iphoneos;
				VALIDATE_PRODUCT = YES;
			};
			name = Release;
		};
		A08DDA7B1B2810DE00F5D576 /* Debug */ = {
			isa = XCBuildConfiguration;
			buildSettings = {
				ASSETCATALOG_COMPILER_APPICON_NAME = AppIcon;
				INFOPLIST_FILE = "02-下载器/Info.plist";
				LD_RUNPATH_SEARCH_PATHS = "$(inherited) @executable_path/Frameworks";
				PRODUCT_NAME = "$(TARGET_NAME)";
			};
			name = Debug;
		};
		A08DDA7C1B2810DE00F5D576 /* Release */ = {
			isa = XCBuildConfiguration;
			buildSettings = {
				ASSETCATALOG_COMPILER_APPICON_NAME = AppIcon;
				INFOPLIST_FILE = "02-下载器/Info.plist";
				LD_RUNPATH_SEARCH_PATHS = "$(inherited) @executable_path/Frameworks";
				PRODUCT_NAME = "$(TARGET_NAME)";
			};
			name = Release;
		};
		A08DDA7E1B2810DE00F5D576 /* Debug */ = {
			isa = XCBuildConfiguration;
			buildSettings = {
				BUNDLE_LOADER = "$(TEST_HOST)";
				FRAMEWORK_SEARCH_PATHS = (
					"$(SDKROOT)/Developer/Library/Frameworks",
					"$(inherited)",
				);
				GCC_PREPROCESSOR_DEFINITIONS = (
					"DEBUG=1",
					"$(inherited)",
				);
				INFOPLIST_FILE = "02-下载器Tests/Info.plist";
				LD_RUNPATH_SEARCH_PATHS = "$(inherited) @executable_path/Frameworks @loader_path/Frameworks";
				PRODUCT_NAME = "$(TARGET_NAME)";
				TEST_HOST = "$(BUILT_PRODUCTS_DIR)/02-下载器.app/02-下载器";
			};
			name = Debug;
		};
		A08DDA7F1B2810DE00F5D576 /* Release */ = {
			isa = XCBuildConfiguration;
			buildSettings = {
				BUNDLE_LOADER = "$(TEST_HOST)";
				FRAMEWORK_SEARCH_PATHS = (
					"$(SDKROOT)/Developer/Library/Frameworks",
					"$(inherited)",
				);
				INFOPLIST_FILE = "02-下载器Tests/Info.plist";
				LD_RUNPATH_SEARCH_PATHS = "$(inherited) @executable_path/Frameworks @loader_path/Frameworks";
				PRODUCT_NAME = "$(TARGET_NAME)";
				TEST_HOST = "$(BUILT_PRODUCTS_DIR)/02-下载器.app/02-下载器";
			};
			name = Release;
		};
/* End XCBuildConfiguration section */

/* Begin XCConfigurationList section */
		A08DDA521B2810DE00F5D576 /* Build configuration list for PBXProject "02-下载器" */ = {
			isa = XCConfigurationList;
			buildConfigurations = (
				A08DDA781B2810DE00F5D576 /* Debug */,
				A08DDA791B2810DE00F5D576 /* Release */,
			);
			defaultConfigurationIsVisible = 0;
			defaultConfigurationName = Release;
		};
		A08DDA7A1B2810DE00F5D576 /* Build configuration list for PBXNativeTarget "02-下载器" */ = {
			isa = XCConfigurationList;
			buildConfigurations = (
				A08DDA7B1B2810DE00F5D576 /* Debug */,
				A08DDA7C1B2810DE00F5D576 /* Release */,
			);
			defaultConfigurationIsVisible = 0;
		};
		A08DDA7D1B2810DE00F5D576 /* Build configuration list for PBXNativeTarget "02-下载器Tests" */ = {
			isa = XCConfigurationList;
			buildConfigurations = (
				A08DDA7E1B2810DE00F5D576 /* Debug */,
				A08DDA7F1B2810DE00F5D576 /* Release */,
			);
			defaultConfigurationIsVisible = 0;
		};
/* End XCConfigurationList section */
	};
	rootObject = A08DDA4F1B2810DE00F5D576 /* Project object */;
}
